// !$*UTF8*$!
{
	archiveVersion = 1;
	classes = {
	};
	objectVersion = 46;
	objects = {

/* Begin PBXBuildFile section */
		A052366D1A87F9BE0058301F /* AppDelegate.swift in Sources */ = {isa = PBXBuildFile; fileRef = A052366C1A87F9BE0058301F /* AppDelegate.swift */; };
		A052366F1A87F9BE0058301F /* ViewController.swift in Sources */ = {isa = PBXBuildFile; fileRef = A052366E1A87F9BE0058301F /* ViewController.swift */; };
		A05236721A87F9BE0058301F /* Main.storyboard in Resources */ = {isa = PBXBuildFile; fileRef = A05236701A87F9BE0058301F /* Main.storyboard */; };
		A05236741A87F9BE0058301F /* Images.xcassets in Resources */ = {isa = PBXBuildFile; fileRef = A05236731A87F9BE0058301F /* Images.xcassets */; };
		A05236771A87F9BE0058301F /* LaunchScreen.xib in Resources */ = {isa = PBXBuildFile; fileRef = A05236751A87F9BE0058301F /* LaunchScreen.xib */; };
		A05236831A87F9BE0058301F /* CoreDataDemoTests.swift in Sources */ = {isa = PBXBuildFile; fileRef = A05236821A87F9BE0058301F /* CoreDataDemoTests.swift */; };
/* End PBXBuildFile section */

/* Begin PBXContainerItemProxy section */
		A052367D1A87F9BE0058301F /* PBXContainerItemProxy */ = {
			isa = PBXContainerItemProxy;
			containerPortal = A052365F1A87F9BE0058301F /* Project object */;
			proxyType = 1;
			remoteGlobalIDString = A05236661A87F9BE0058301F;
			remoteInfo = CoreDataDemo;
		};
/* End PBXContainerItemProxy section */

/* Begin PBXFileReference section */
		A05236671A87F9BE0058301F /* CoreDataDemo.app */ = {isa = PBXFileReference; explicitFileType = wrapper.application; includeInIndex = 0; path = CoreDataDemo.app; sourceTree = BUILT_PRODUCTS_DIR; };
		A052366B1A87F9BE0058301F /* Info.plist */ = {isa = PBXFileReference; lastKnownFileType = text.plist.xml; path = Info.plist; sourceTree = "<group>"; };
		A052366C1A87F9BE0058301F /* AppDelegate.swift */ = {isa = PBXFileReference; lastKnownFileType = sourcecode.swift; path = AppDelegate.swift; sourceTree = "<group>"; };
		A052366E1A87F9BE0058301F /* ViewController.swift */ = {isa = PBXFileReference; lastKnownFileType = sourcecode.swift; path = ViewController.swift; sourceTree = "<group>"; };
		A05236711A87F9BE0058301F /* Base */ = {isa = PBXFileReference; lastKnownFileType = file.storyboard; name = Base; path = Base.lproj/Main.storyboard; sourceTree = "<group>"; };
		A05236731A87F9BE0058301F /* Images.xcassets */ = {isa = PBXFileReference; lastKnownFileType = folder.assetcatalog; path = Images.xcassets; sourceTree = "<group>"; };
		A05236761A87F9BE0058301F /* Base */ = {isa = PBXFileReference; lastKnownFileType = file.xib; name = Base; path = Base.lproj/LaunchScreen.xib; sourceTree = "<group>"; };
		A052367C1A87F9BE0058301F /* CoreDataDemoTests.xctest */ = {isa = PBXFileReference; explicitFileType = wrapper.cfbundle; includeInIndex = 0; path = CoreDataDemoTests.xctest; sourceTree = BUILT_PRODUCTS_DIR; };
		A05236811A87F9BE0058301F /* Info.plist */ = {isa = PBXFileReference; lastKnownFileType = text.plist.xml; path = Info.plist; sourceTree = "<group>"; };
		A05236821A87F9BE0058301F /* CoreDataDemoTests.swift */ = {isa = PBXFileReference; lastKnownFileType = sourcecode.swift; path = CoreDataDemoTests.swift; sourceTree = "<group>"; };
/* End PBXFileReference section */

/* Begin PBXFrameworksBuildPhase section */
		A05236641A87F9BE0058301F /* Frameworks */ = {
			isa = PBXFrameworksBuildPhase;
			buildActionMask = 2147483647;
			files = (
			);
			runOnlyForDeploymentPostprocessing = 0;
		};
		A05236791A87F9BE0058301F /* Frameworks */ = {
			isa = PBXFrameworksBuildPhase;
			buildActionMask = 2147483647;
			files = (
			);
			runOnlyForDeploymentPostprocessing = 0;
		};
/* End PBXFrameworksBuildPhase section */

/* Begin PBXGroup section */
		A052365E1A87F9BE0058301F = {
			isa = PBXGroup;
			children = (
				A05236691A87F9BE0058301F /* CoreDataDemo */,
				A052367F1A87F9BE0058301F /* CoreDataDemoTests */,
				A05236681A87F9BE0058301F /* Products */,
			);
			sourceTree = "<group>";
		};
		A05236681A87F9BE0058301F /* Products */ = {
			isa = PBXGroup;
			children = (
				A05236671A87F9BE0058301F /* CoreDataDemo.app */,
				A052367C1A87F9BE0058301F /* CoreDataDemoTests.xctest */,
			);
			name = Products;
			sourceTree = "<group>";
		};
		A05236691A87F9BE0058301F /* CoreDataDemo */ = {
			isa = PBXGroup;
			children = (
				A052366C1A87F9BE0058301F /* AppDelegate.swift */,
				A052366E1A87F9BE0058301F /* ViewController.swift */,
				A05236701A87F9BE0058301F /* Main.storyboard */,
				A05236731A87F9BE0058301F /* Images.xcassets */,
				A05236751A87F9BE0058301F /* LaunchScreen.xib */,
				A052366A1A87F9BE0058301F /* Supporting Files */,
			);
			path = CoreDataDemo;
			sourceTree = "<group>";
		};
		A052366A1A87F9BE0058301F /* Supporting Files */ = {
			isa = PBXGroup;
			children = (
				A052366B1A87F9BE0058301F /* Info.plist */,
			);
			name = "Supporting Files";
			sourceTree = "<group>";
		};
		A052367F1A87F9BE0058301F /* CoreDataDemoTests */ = {
			isa = PBXGroup;
			children = (
				A05236821A87F9BE0058301F /* CoreDataDemoTests.swift */,
				A05236801A87F9BE0058301F /* Supporting Files */,
			);
			path = CoreDataDemoTests;
			sourceTree = "<group>";
		};
		A05236801A87F9BE0058301F /* Supporting Files */ = {
			isa = PBXGroup;
			children = (
				A05236811A87F9BE0058301F /* Info.plist */,
			);
			name = "Supporting Files";
			sourceTree = "<group>";
		};
/* End PBXGroup section */

/* Begin PBXNativeTarget section */
		A05236661A87F9BE0058301F /* CoreDataDemo */ = {
			isa = PBXNativeTarget;
			buildConfigurationList = A05236861A87F9BE0058301F /* Build configuration list for PBXNativeTarget "CoreDataDemo" */;
			buildPhases = (
				A05236631A87F9BE0058301F /* Sources */,
				A05236641A87F9BE0058301F /* Frameworks */,
				A05236651A87F9BE0058301F /* Resources */,
			);
			buildRules = (
			);
			dependencies = (
			);
			name = CoreDataDemo;
			productName = CoreDataDemo;
			productReference = A05236671A87F9BE0058301F /* CoreDataDemo.app */;
			productType = "com.apple.product-type.application";
		};
		A052367B1A87F9BE0058301F /* CoreDataDemoTests */ = {
			isa = PBXNativeTarget;
			buildConfigurationList = A05236891A87F9BE0058301F /* Build configuration list for PBXNativeTarget "CoreDataDemoTests" */;
			buildPhases = (
				A05236781A87F9BE0058301F /* Sources */,
				A05236791A87F9BE0058301F /* Frameworks */,
				A052367A1A87F9BE0058301F /* Resources */,
			);
			buildRules = (
			);
			dependencies = (
				A052367E1A87F9BE0058301F /* PBXTargetDependency */,
			);
			name = CoreDataDemoTests;
			productName = CoreDataDemoTests;
			productReference = A052367C1A87F9BE0058301F /* CoreDataDemoTests.xctest */;
			productType = "com.apple.product-type.bundle.unit-test";
		};
/* End PBXNativeTarget section */

/* Begin PBXProject section */
		A052365F1A87F9BE0058301F /* Project object */ = {
			isa = PBXProject;
			attributes = {
				LastUpgradeCheck = 0610;
				ORGANIZATIONNAME = Fahir;
				TargetAttributes = {
					A05236661A87F9BE0058301F = {
						CreatedOnToolsVersion = 6.1.1;
					};
					A052367B1A87F9BE0058301F = {
						CreatedOnToolsVersion = 6.1.1;
						TestTargetID = A05236661A87F9BE0058301F;
					};
				};
			};
			buildConfigurationList = A05236621A87F9BE0058301F /* Build configuration list for PBXProject "CoreDataDemo" */;
			compatibilityVersion = "Xcode 3.2";
			developmentRegion = English;
			hasScannedForEncodings = 0;
			knownRegions = (
				en,
				Base,
			);
			mainGroup = A052365E1A87F9BE0058301F;
			productRefGroup = A05236681A87F9BE0058301F /* Products */;
			projectDirPath = "";
			projectRoot = "";
			targets = (
				A05236661A87F9BE0058301F /* CoreDataDemo */,
				A052367B1A87F9BE0058301F /* CoreDataDemoTests */,
			);
		};
/* End PBXProject section */

/* Begin PBXResourcesBuildPhase section */
		A05236651A87F9BE0058301F /* Resources */ = {
			isa = PBXResourcesBuildPhase;
			buildActionMask = 2147483647;
			files = (
				A05236721A87F9BE0058301F /* Main.storyboard in Resources */,
				A05236771A87F9BE0058301F /* LaunchScreen.xib in Resources */,
				A05236741A87F9BE0058301F /* Images.xcassets in Resources */,
			);
			runOnlyForDeploymentPostprocessing = 0;
		};
		A052367A1A87F9BE0058301F /* Resources */ = {
			isa = PBXResourcesBuildPhase;
			buildActionMask = 2147483647;
			files = (
			);
			runOnlyForDeploymentPostprocessing = 0;
		};
/* End PBXResourcesBuildPhase section */

/* Begin PBXSourcesBuildPhase section */
		A05236631A87F9BE0058301F /* Sources */ = {
			isa = PBXSourcesBuildPhase;
			buildActionMask = 2147483647;
			files = (
				A052366F1A87F9BE0058301F /* ViewController.swift in Sources */,
				A052366D1A87F9BE0058301F /* AppDelegate.swift in Sources */,
			);
			runOnlyForDeploymentPostprocessing = 0;
		};
		A05236781A87F9BE0058301F /* Sources */ = {
			isa = PBXSourcesBuildPhase;
			buildActionMask = 2147483647;
			files = (
				A05236831A87F9BE0058301F /* CoreDataDemoTests.swift in Sources */,
			);
			runOnlyForDeploymentPostprocessing = 0;
		};
/* End PBXSourcesBuildPhase section */

/* Begin PBXTargetDependency section */
		A052367E1A87F9BE0058301F /* PBXTargetDependency */ = {
			isa = PBXTargetDependency;
			target = A05236661A87F9BE0058301F /* CoreDataDemo */;
			targetProxy = A052367D1A87F9BE0058301F /* PBXContainerItemProxy */;
		};
/* End PBXTargetDependency section */

/* Begin PBXVariantGroup section */
		A05236701A87F9BE0058301F /* Main.storyboard */ = {
			isa = PBXVariantGroup;
			children = (
				A05236711A87F9BE0058301F /* Base */,
			);
			name = Main.storyboard;
			sourceTree = "<group>";
		};
		A05236751A87F9BE0058301F /* LaunchScreen.xib */ = {
			isa = PBXVariantGroup;
			children = (
				A05236761A87F9BE0058301F /* Base */,
			);
			name = LaunchScreen.xib;
			sourceTree = "<group>";
		};
/* End PBXVariantGroup section */

/* Begin XCBuildConfiguration section */
		A05236841A87F9BE0058301F /* Debug */ = {
			isa = XCBuildConfiguration;
			buildSettings = {
				ALWAYS_SEARCH_USER_PATHS = NO;
				CLANG_CXX_LANGUAGE_STANDARD = "gnu++0x";
				CLANG_CXX_LIBRARY = "libc++";
				CLANG_ENABLE_MODULES = YES;
				CLANG_ENABLE_OBJC_ARC = YES;
				CLANG_WARN_BOOL_CONVERSION = YES;
				CLANG_WARN_CONSTANT_CONVERSION = YES;
				CLANG_WARN_DIRECT_OBJC_ISA_USAGE = YES_ERROR;
				CLANG_WARN_EMPTY_BODY = YES;
				CLANG_WARN_ENUM_CONVERSION = YES;
				CLANG_WARN_INT_CONVERSION = YES;
				CLANG_WARN_OBJC_ROOT_CLASS = YES_ERROR;
				CLANG_WARN_UNREACHABLE_CODE = YES;
				CLANG_WARN__DUPLICATE_METHOD_MATCH = YES;
				"CODE_SIGN_IDENTITY[sdk=iphoneos*]" = "iPhone Developer";
				COPY_PHASE_STRIP = NO;
				ENABLE_STRICT_OBJC_MSGSEND = YES;
				GCC_C_LANGUAGE_STANDARD = gnu99;
				GCC_DYNAMIC_NO_PIC = NO;
				GCC_OPTIMIZATION_LEVEL = 0;
				GCC_PREPROCESSOR_DEFINITIONS = (
					"DEBUG=1",
					"$(inherited)",
				);
				GCC_SYMBOLS_PRIVATE_EXTERN = NO;
				GCC_WARN_64_TO_32_BIT_CONVERSION = YES;
				GCC_WARN_ABOUT_RETURN_TYPE = YES_ERROR;
				GCC_WARN_UNDECLARED_SELECTOR = YES;
				GCC_WARN_UNINITIALIZED_AUTOS = YES_AGGRESSIVE;
				GCC_WARN_UNUSED_FUNCTION = YES;
				GCC_WARN_UNUSED_VARIABLE = YES;
				IPHONEOS_DEPLOYMENT_TARGET = 8.1;
				MTL_ENABLE_DEBUG_INFO = YES;
				ONLY_ACTIVE_ARCH = YES;
				SDKROOT = iphoneos;
				SWIFT_OPTIMIZATION_LEVEL = "-Onone";
			};
			name = Debug;
		};
		A05236851A87F9BE0058301F /* Release */ = {
			isa = XCBuildConfiguration;
			buildSettings = {
				ALWAYS_SEARCH_USER_PATHS = NO;
				CLANG_CXX_LANGUAGE_STANDARD = "gnu++0x";
				CLANG_CXX_LIBRARY = "libc++";
				CLANG_ENABLE_MODULES = YES;
				CLANG_ENABLE_OBJC_ARC = YES;
				CLANG_WARN_BOOL_CONVERSION = YES;
				CLANG_WARN_CONSTANT_CONVERSION = YES;
				CLANG_WARN_DIRECT_OBJC_ISA_USAGE = YES_ERROR;
				CLANG_WARN_EMPTY_BODY = YES;
				CLANG_WARN_ENUM_CONVERSION = YES;
				CLANG_WARN_INT_CONVERSION = YES;
				CLANG_WARN_OBJC_ROOT_CLASS = YES_ERROR;
				CLANG_WARN_UNREACHABLE_CODE = YES;
				CLANG_WARN__DUPLICATE_METHOD_MATCH = YES;
				"CODE_SIGN_IDENTITY[sdk=iphoneos*]" = "iPhone Developer";
				COPY_PHASE_STRIP = YES;
				ENABLE_NS_ASSERTIONS = NO;
				ENABLE_STRICT_OBJC_MSGSEND = YES;
				GCC_C_LANGUAGE_STANDARD = gnu99;
				GCC_WARN_64_TO_32_BIT_CONVERSION = YES;
				GCC_WARN_ABOUT_RETURN_TYPE = YES_ERROR;
				GCC_WARN_UNDECLARED_SELECTOR = YES;
				GCC_WARN_UNINITIALIZED_AUTOS = YES_AGGRESSIVE;
				GCC_WARN_UNUSED_FUNCTION = YES;
				GCC_WARN_UNUSED_VARIABLE = YES;
				IPHONEOS_DEPLOYMENT_TARGET = 8.1;
				MTL_ENABLE_DEBUG_INFO = NO;
				SDKROOT = iphoneos;
				VALIDATE_PRODUCT = YES;
			};
			name = Release;
		};
		A05236871A87F9BE0058301F /* Debug */ = {
			isa = XCBuildConfiguration;
			buildSettings = {
				ASSETCATALOG_COMPILER_APPICON_NAME = AppIcon;
				INFOPLIST_FILE = CoreDataDemo/Info.plist;
				LD_RUNPATH_SEARCH_PATHS = "$(inherited) @executable_path/Frameworks";
				PRODUCT_NAME = "$(TARGET_NAME)";
			};
			name = Debug;
		};
		A05236881A87F9BE0058301F /* Release */ = {
			isa = XCBuildConfiguration;
			buildSettings = {
				ASSETCATALOG_COMPILER_APPICON_NAME = AppIcon;
				INFOPLIST_FILE = CoreDataDemo/Info.plist;
				LD_RUNPATH_SEARCH_PATHS = "$(inherited) @executable_path/Frameworks";
				PRODUCT_NAME = "$(TARGET_NAME)";
			};
			name = Release;
		};
		A052368A1A87F9BE0058301F /* Debug */ = {
			isa = XCBuildConfiguration;
			buildSettings = {
				BUNDLE_LOADER = "$(TEST_HOST)";
				FRAMEWORK_SEARCH_PATHS = (
					"$(SDKROOT)/Developer/Library/Frameworks",
					"$(inherited)",
				);
				GCC_PREPROCESSOR_DEFINITIONS = (
					"DEBUG=1",
					"$(inherited)",
				);
				INFOPLIST_FILE = CoreDataDemoTests/Info.plist;
				LD_RUNPATH_SEARCH_PATHS = "$(inherited) @executable_path/Frameworks @loader_path/Frameworks";
				PRODUCT_NAME = "$(TARGET_NAME)";
				TEST_HOST = "$(BUILT_PRODUCTS_DIR)/CoreDataDemo.app/CoreDataDemo";
			};
			name = Debug;
		};
		A052368B1A87F9BE0058301F /* Release */ = {
			isa = XCBuildConfiguration;
			buildSettings = {
				BUNDLE_LOADER = "$(TEST_HOST)";
				FRAMEWORK_SEARCH_PATHS = (
					"$(SDKROOT)/Developer/Library/Frameworks",
					"$(inherited)",
				);
				INFOPLIST_FILE = CoreDataDemoTests/Info.plist;
				LD_RUNPATH_SEARCH_PATHS = "$(inherited) @executable_path/Frameworks @loader_path/Frameworks";
				PRODUCT_NAME = "$(TARGET_NAME)";
				TEST_HOST = "$(BUILT_PRODUCTS_DIR)/CoreDataDemo.app/CoreDataDemo";
			};
			name = Release;
		};
/* End XCBuildConfiguration section */

/* Begin XCConfigurationList section */
		A05236621A87F9BE0058301F /* Build configuration list for PBXProject "CoreDataDemo" */ = {
			isa = XCConfigurationList;
			buildConfigurations = (
				A05236841A87F9BE0058301F /* Debug */,
				A05236851A87F9BE0058301F /* Release */,
			);
			defaultConfigurationIsVisible = 0;
			defaultConfigurationName = Release;
		};
		A05236861A87F9BE0058301F /* Build configuration list for PBXNativeTarget "CoreDataDemo" */ = {
			isa = XCConfigurationList;
			buildConfigurations = (
				A05236871A87F9BE0058301F /* Debug */,
				A05236881A87F9BE0058301F /* Release */,
			);
			defaultConfigurationIsVisible = 0;
		};
		A05236891A87F9BE0058301F /* Build configuration list for PBXNativeTarget "CoreDataDemoTests" */ = {
			isa = XCConfigurationList;
			buildConfigurations = (
				A052368A1A87F9BE0058301F /* Debug */,
				A052368B1A87F9BE0058301F /* Release */,
			);
			defaultConfigurationIsVisible = 0;
		};
/* End XCConfigurationList section */
	};
	rootObject = A052365F1A87F9BE0058301F /* Project object */;
}
